{
    "name": "ai-social-media-platform",
    "version": "1.0.0",
    "lockfileVersion": 1,
    "dependencies": {
      "axios": {
        "version": "0.21.1",
        "resolved": "https://registry.npmjs.org/axios/-/axios-0.21.1.tgz",
        "integrity": "sha512-JK8b9nnE/GzKd6l54IHNBs2AEuuf6X97vtHkiAO9FrdW/oMxi2Y6HmqyvQ8oIZDlGbVnI+Ei3fv8Rz1U0r3Ftg==",
        "dev": true,
        "requires": {
          "follow-redirects": "1.14.7"
        }
      },
      "react": {
        "version": "17.0.2",
        "resolved": "https://registry.npmjs.org/react/-/react-17.0.2.tgz",
        "integrity": "sha512-efQv3wC+N39+MS9F3CZjbztZjGs3IazzlSdweY0P+4xg1kkU8Ul6ERqK6Q9unCnWI0J2s9BCe5bntcVJUeO1rQ==",
        "dev": true,
        "requires": {
          "object-assign": "^4.1.1"
        }
      }
    },
    "dependenciesMeta": {
      "axios": {
        "source": "registry.npmjs.org",
        "remote": true
      },
      "react": {
        "source": "registry.npmjs.org",
        "remote": true
      }
    }
  }
  